
Microsoft Visual Studio Solution File, Format Version 12.00
# Visual Studio Version 17
VisualStudioVersion = 17.3.32819.101
MinimumVisualStudioVersion = 10.0.40219.1
Project("{8BC9CEB8-8B4A-11D0-8D11-00A0C91BC942}") = "Project_1", "Project_1\Project_1.vcxproj", "{77E2DD24-BDD0-442F-8A56-F062FE66F91D}"
EndProject
Global
	GlobalSection(SolutionConfigurationPlatforms) = preSolution
		Debug|x64 = Debug|x64
		Debug|x86 = Debug|x86
		Release|x64 = Release|x64
		Release|x86 = Release|x86
	EndGlobalSection
	GlobalSection(ProjectConfigurationPlatforms) = postSolution
		{77E2DD24-BDD0-442F-8A56-F062FE66F91D}.Debug|x64.ActiveCfg = Debug|x64
		{77E2DD24-BDD0-442F-8A56-F062FE66F91D}.Debug|x64.Build.0 = Debug|x64
		{77E2DD24-BDD0-442F-8A56-F062FE66F91D}.Debug|x86.ActiveCfg = Debug|Win32
		{77E2DD24-BDD0-442F-8A56-F062FE66F91D}.Debug|x86.Build.0 = Debug|Win32
		{77E2DD24-BDD0-442F-8A56-F062FE66F91D}.Release|x64.ActiveCfg = Release|x64
		{77E2DD24-BDD0-442F-8A56-F062FE66F91D}.Release|x64.Build.0 = Release|x64
		{77E2DD24-BDD0-442F-8A56-F062FE66F91D}.Release|x86.ActiveCfg = Release|Win32
		{77E2DD24-BDD0-442F-8A56-F062FE66F91D}.Release|x86.Build.0 = Release|Win32
	EndGlobalSection
	GlobalSection(SolutionProperties) = preSolution
		HideSolutionNode = FALSE
	EndGlobalSection
	GlobalSection(ExtensibilityGlobals) = postSolution
		SolutionGuid = {8E721C6B-1968-4884-8F6C-3B3839EC3996}
	EndGlobalSection
EndGlobal
